
Microsoft Visual Studio Solution File, Format Version 12.00
# Visual Studio Version 17
VisualStudioVersion = 17.11.35312.102
MinimumVisualStudioVersion = 10.0.40219.1
Project("{FAE04EC0-301F-11D3-BF4B-00C04F79EFBC}") = "Gestion de empleados.", "..\Gestion de empleados\Gestion de empleados\Gestion de empleados..csproj", "{77AA0623-8AB7-46C7-B663-1790E502497F}"
EndProject
Global
	GlobalSection(SolutionConfigurationPlatforms) = preSolution
		Debug|Any CPU = Debug|Any CPU
		Release|Any CPU = Release|Any CPU
	EndGlobalSection
	GlobalSection(ProjectConfigurationPlatforms) = postSolution
		{77AA0623-8AB7-46C7-B663-1790E502497F}.Debug|Any CPU.ActiveCfg = Debug|Any CPU
		{77AA0623-8AB7-46C7-B663-1790E502497F}.Debug|Any CPU.Build.0 = Debug|Any CPU
		{77AA0623-8AB7-46C7-B663-1790E502497F}.Release|Any CPU.ActiveCfg = Release|Any CPU
		{77AA0623-8AB7-46C7-B663-1790E502497F}.Release|Any CPU.Build.0 = Release|Any CPU
	EndGlobalSection
	GlobalSection(SolutionProperties) = preSolution
		HideSolutionNode = FALSE
	EndGlobalSection
	GlobalSection(ExtensibilityGlobals) = postSolution
		SolutionGuid = {B7BA35AB-D69C-4473-872D-AB8C25C894BF}
	EndGlobalSection
EndGlobal
